
Microsoft Visual Studio Solution File, Format Version 12.00
# Visual Studio Version 17
VisualStudioVersion = 17.11.35312.102
MinimumVisualStudioVersion = 10.0.40219.1
Project("{FAE04EC0-301F-11D3-BF4B-00C04F79EFBC}") = "BrickBreaker", "BrickBreaker\BrickBreaker.csproj", "{2DAF4C54-862C-4252-89FF-3A9AE8BB1E57}"
EndProject
Global
	GlobalSection(SolutionConfigurationPlatforms) = preSolution
		Debug|Any CPU = Debug|Any CPU
		Release|Any CPU = Release|Any CPU
	EndGlobalSection
	GlobalSection(ProjectConfigurationPlatforms) = postSolution
		{2DAF4C54-862C-4252-89FF-3A9AE8BB1E57}.Debug|Any CPU.ActiveCfg = Debug|Any CPU
		{2DAF4C54-862C-4252-89FF-3A9AE8BB1E57}.Debug|Any CPU.Build.0 = Debug|Any CPU
		{2DAF4C54-862C-4252-89FF-3A9AE8BB1E57}.Debug|Any CPU.Deploy.0 = Debug|Any CPU
		{2DAF4C54-862C-4252-89FF-3A9AE8BB1E57}.Release|Any CPU.ActiveCfg = Release|Any CPU
		{2DAF4C54-862C-4252-89FF-3A9AE8BB1E57}.Release|Any CPU.Build.0 = Release|Any CPU
		{2DAF4C54-862C-4252-89FF-3A9AE8BB1E57}.Release|Any CPU.Deploy.0 = Release|Any CPU
	EndGlobalSection
	GlobalSection(SolutionProperties) = preSolution
		HideSolutionNode = FALSE
	EndGlobalSection
	GlobalSection(ExtensibilityGlobals) = postSolution
		SolutionGuid = {05001094-4F1D-4A72-B2F5-787EB105FC99}
	EndGlobalSection
EndGlobal
